
Microsoft Visual Studio Solution File, Format Version 12.00
# Visual Studio Version 17
VisualStudioVersion = 17.3.32929.385
MinimumVisualStudioVersion = 10.0.40219.1
Project("{FAE04EC0-301F-11D3-BF4B-00C04F79EFBC}") = "pr12.Android", "pr12.Android\pr12.Android.csproj", "{75F94A3A-8DAB-4671-8AAE-54EAC350229E}"
EndProject
Project("{FAE04EC0-301F-11D3-BF4B-00C04F79EFBC}") = "pr12", "pr12\pr12.csproj", "{EB682717-DED9-4B3F-94E1-785F9C356F63}"
EndProject
Global
	GlobalSection(SolutionConfigurationPlatforms) = preSolution
		Debug|Any CPU = Debug|Any CPU
		Release|Any CPU = Release|Any CPU
	EndGlobalSection
	GlobalSection(ProjectConfigurationPlatforms) = postSolution
		{75F94A3A-8DAB-4671-8AAE-54EAC350229E}.Debug|Any CPU.ActiveCfg = Debug|Any CPU
		{75F94A3A-8DAB-4671-8AAE-54EAC350229E}.Debug|Any CPU.Build.0 = Debug|Any CPU
		{75F94A3A-8DAB-4671-8AAE-54EAC350229E}.Debug|Any CPU.Deploy.0 = Debug|Any CPU
		{75F94A3A-8DAB-4671-8AAE-54EAC350229E}.Release|Any CPU.ActiveCfg = Release|Any CPU
		{75F94A3A-8DAB-4671-8AAE-54EAC350229E}.Release|Any CPU.Build.0 = Release|Any CPU
		{75F94A3A-8DAB-4671-8AAE-54EAC350229E}.Release|Any CPU.Deploy.0 = Release|Any CPU
		{EB682717-DED9-4B3F-94E1-785F9C356F63}.Debug|Any CPU.ActiveCfg = Debug|Any CPU
		{EB682717-DED9-4B3F-94E1-785F9C356F63}.Debug|Any CPU.Build.0 = Debug|Any CPU
		{EB682717-DED9-4B3F-94E1-785F9C356F63}.Debug|Any CPU.Deploy.0 = Debug|Any CPU
		{EB682717-DED9-4B3F-94E1-785F9C356F63}.Release|Any CPU.ActiveCfg = Release|Any CPU
		{EB682717-DED9-4B3F-94E1-785F9C356F63}.Release|Any CPU.Build.0 = Release|Any CPU
		{EB682717-DED9-4B3F-94E1-785F9C356F63}.Release|Any CPU.Deploy.0 = Release|Any CPU
	EndGlobalSection
	GlobalSection(SolutionProperties) = preSolution
		HideSolutionNode = FALSE
	EndGlobalSection
	GlobalSection(ExtensibilityGlobals) = postSolution
		SolutionGuid = {6F03CF6C-478A-4F77-8FDE-8E5541B21B4F}
	EndGlobalSection
EndGlobal
